
Microsoft Visual Studio Solution File, Format Version 12.00
# Visual Studio Version 17
VisualStudioVersion = 17.10.34916.146
MinimumVisualStudioVersion = 10.0.40219.1
Project("{8BC9CEB8-8B4A-11D0-8D11-00A0C91BC942}") = "ADTSortedSetLab4", "ADTSortedSetLab4.vcxproj", "{8269E49D-94DB-4760-AD9A-9DF8E94D5474}"
EndProject
Global
	GlobalSection(SolutionConfigurationPlatforms) = preSolution
		Debug|x64 = Debug|x64
		Debug|x86 = Debug|x86
		Release|x64 = Release|x64
		Release|x86 = Release|x86
	EndGlobalSection
	GlobalSection(ProjectConfigurationPlatforms) = postSolution
		{8269E49D-94DB-4760-AD9A-9DF8E94D5474}.Debug|x64.ActiveCfg = Debug|x64
		{8269E49D-94DB-4760-AD9A-9DF8E94D5474}.Debug|x64.Build.0 = Debug|x64
		{8269E49D-94DB-4760-AD9A-9DF8E94D5474}.Debug|x86.ActiveCfg = Debug|Win32
		{8269E49D-94DB-4760-AD9A-9DF8E94D5474}.Debug|x86.Build.0 = Debug|Win32
		{8269E49D-94DB-4760-AD9A-9DF8E94D5474}.Release|x64.ActiveCfg = Release|x64
		{8269E49D-94DB-4760-AD9A-9DF8E94D5474}.Release|x64.Build.0 = Release|x64
		{8269E49D-94DB-4760-AD9A-9DF8E94D5474}.Release|x86.ActiveCfg = Release|Win32
		{8269E49D-94DB-4760-AD9A-9DF8E94D5474}.Release|x86.Build.0 = Release|Win32
	EndGlobalSection
	GlobalSection(SolutionProperties) = preSolution
		HideSolutionNode = FALSE
	EndGlobalSection
	GlobalSection(ExtensibilityGlobals) = postSolution
		SolutionGuid = {93B0A2CD-609F-42A8-A215-004C83A8B05A}
	EndGlobalSection
EndGlobal
